
Microsoft Visual Studio Solution File, Format Version 12.00
Project("{FAE04EC0-301F-11D3-BF4B-00C04F79EFBC}") = "SweetKicks", "SweetKicks\SweetKicks.csproj", "{583782AC-7DCC-41BF-8BA2-628C757090C3}"
EndProject
Global
	GlobalSection(SolutionConfigurationPlatforms) = preSolution
		Debug|Any CPU = Debug|Any CPU
		Release|Any CPU = Release|Any CPU
	EndGlobalSection
	GlobalSection(ProjectConfigurationPlatforms) = postSolution
		{583782AC-7DCC-41BF-8BA2-628C757090C3}.Debug|Any CPU.ActiveCfg = Debug|Any CPU
		{583782AC-7DCC-41BF-8BA2-628C757090C3}.Debug|Any CPU.Build.0 = Debug|Any CPU
		{583782AC-7DCC-41BF-8BA2-628C757090C3}.Release|Any CPU.ActiveCfg = Release|Any CPU
		{583782AC-7DCC-41BF-8BA2-628C757090C3}.Release|Any CPU.Build.0 = Release|Any CPU
	EndGlobalSection
EndGlobal
